
Microsoft Visual Studio Solution File, Format Version 12.00
# Visual Studio 15
VisualStudioVersion = 15.0.26206.0
MinimumVisualStudioVersion = 10.0.40219.1
Project("{2150E333-8FDC-42A3-9474-1A3956D46DE8}") = "src", "src", "{73EA3D6F-8272-49B9-8E8C-2277CCDB8DA7}"
EndProject
Project("{2150E333-8FDC-42A3-9474-1A3956D46DE8}") = "Solution Items", "Solution Items", "{6E5FE3DA-A288-435E-A951-88E2FE4FE9F9}"
EndProject
Project("{9A19103F-16F7-4668-BE54-9A1E7A4F7556}") = "MLSoftware.Web", "src\MLSoftware.Web\MLSoftware.Web.csproj", "{A772D5C3-6826-4E0E-9074-E87C3BC0E6AB}"
EndProject
Global
	GlobalSection(SolutionConfigurationPlatforms) = preSolution
		Debug|Any CPU = Debug|Any CPU
		Release|Any CPU = Release|Any CPU
	EndGlobalSection
	GlobalSection(ProjectConfigurationPlatforms) = postSolution
		{A772D5C3-6826-4E0E-9074-E87C3BC0E6AB}.Debug|Any CPU.ActiveCfg = Debug|Any CPU
		{A772D5C3-6826-4E0E-9074-E87C3BC0E6AB}.Debug|Any CPU.Build.0 = Debug|Any CPU
		{A772D5C3-6826-4E0E-9074-E87C3BC0E6AB}.Release|Any CPU.ActiveCfg = Release|Any CPU
		{A772D5C3-6826-4E0E-9074-E87C3BC0E6AB}.Release|Any CPU.Build.0 = Release|Any CPU
	EndGlobalSection
	GlobalSection(SolutionProperties) = preSolution
		HideSolutionNode = FALSE
	EndGlobalSection
	GlobalSection(NestedProjects) = preSolution
		{A772D5C3-6826-4E0E-9074-E87C3BC0E6AB} = {73EA3D6F-8272-49B9-8E8C-2277CCDB8DA7}
	EndGlobalSection
EndGlobal
