
Microsoft Visual Studio Solution File, Format Version 12.00
# Visual Studio 15
VisualStudioVersion = 15.0.26206.0
MinimumVisualStudioVersion = 10.0.40219.1
Project("{9A19103F-16F7-4668-BE54-9A1E7A4F7556}") = "MLSofware.LessonPlanner", "MLSofware.LessonPlanner\MLSofware.LessonPlanner.csproj", "{681C02CC-FC0A-4250-9ED9-D3005F9BADF7}"
EndProject
Project("{9A19103F-16F7-4668-BE54-9A1E7A4F7556}") = "MLSoftware.Blog", "MLSoftware.Blog\MLSoftware.Blog.csproj", "{696C5185-9825-4A97-9543-22D5E0833A5A}"
EndProject
Project("{9A19103F-16F7-4668-BE54-9A1E7A4F7556}") = "MLSofware.Theme", "MLSofware.Theme\MLSofware.Theme.csproj", "{9892178F-B2DA-4FC4-9828-D6DECB1A03F1}"
EndProject
Global
	GlobalSection(SolutionConfigurationPlatforms) = preSolution
		Debug|Any CPU = Debug|Any CPU
		Release|Any CPU = Release|Any CPU
	EndGlobalSection
	GlobalSection(ProjectConfigurationPlatforms) = postSolution
		{681C02CC-FC0A-4250-9ED9-D3005F9BADF7}.Debug|Any CPU.ActiveCfg = Debug|Any CPU
		{681C02CC-FC0A-4250-9ED9-D3005F9BADF7}.Debug|Any CPU.Build.0 = Debug|Any CPU
		{681C02CC-FC0A-4250-9ED9-D3005F9BADF7}.Release|Any CPU.ActiveCfg = Release|Any CPU
		{681C02CC-FC0A-4250-9ED9-D3005F9BADF7}.Release|Any CPU.Build.0 = Release|Any CPU
		{696C5185-9825-4A97-9543-22D5E0833A5A}.Debug|Any CPU.ActiveCfg = Debug|Any CPU
		{696C5185-9825-4A97-9543-22D5E0833A5A}.Debug|Any CPU.Build.0 = Debug|Any CPU
		{696C5185-9825-4A97-9543-22D5E0833A5A}.Release|Any CPU.ActiveCfg = Release|Any CPU
		{696C5185-9825-4A97-9543-22D5E0833A5A}.Release|Any CPU.Build.0 = Release|Any CPU
		{9892178F-B2DA-4FC4-9828-D6DECB1A03F1}.Debug|Any CPU.ActiveCfg = Debug|Any CPU
		{9892178F-B2DA-4FC4-9828-D6DECB1A03F1}.Debug|Any CPU.Build.0 = Debug|Any CPU
		{9892178F-B2DA-4FC4-9828-D6DECB1A03F1}.Release|Any CPU.ActiveCfg = Release|Any CPU
		{9892178F-B2DA-4FC4-9828-D6DECB1A03F1}.Release|Any CPU.Build.0 = Release|Any CPU
	EndGlobalSection
	GlobalSection(SolutionProperties) = preSolution
		HideSolutionNode = FALSE
	EndGlobalSection
	GlobalSection(ExtensibilityGlobals) = postSolution
		SolutionGuid = {FCB3C4D0-DCC4-454C-85FE-769269275EA0}
	EndGlobalSection
EndGlobal
